{
  "name": "flea-market",
  "version": "1.0.0",
  "lockfileVersion": 1,
  "requires": true,
  "dependencies": {
    "@babel/runtime": {
      "version": "7.14.6",
      "resolved": "https://registry.nlark.com/@babel/runtime/download/@babel/runtime-7.14.6.tgz",
      "integrity": "sha1-U1IDvAiS78fexgvcJ7Ls9uQJBi0=",
      "requires": {
        "regenerator-runtime": "^0.13.4"
      }
    },
    "@popperjs/core": {
      "version": "2.9.2",
      "resolved": "https://registry.npm.taobao.org/@popperjs/core/download/@popperjs/core-2.9.2.tgz?cache=0&sync_timestamp=1617291042068&other_urls=https%3A%2F%2Fregistry.npm.taobao.org%2F%40popperjs%2Fcore%2Fdownload%2F%40popperjs%2Fcore-2.9.2.tgz",
      "integrity": "sha1-rep7aVPLs0ZRdmsFSEaOdDxqI1M="
    },
    "@vant/icons": {
      "version": "1.6.0",
      "resolved": "https://registry.nlark.com/@vant/icons/download/@vant/icons-1.6.0.tgz?cache=0&sync_timestamp=1621321922501&other_urls=https%3A%2F%2Fregistry.nlark.com%2F%40vant%2Ficons%2Fdownload%2F%40vant%2Ficons-1.6.0.tgz",
      "integrity": "sha1-Pbfrf5Y/UaKghnZyDVr5xMNRL+s="
    },
    "@vant/popperjs": {
      "version": "1.1.0",
      "resolved": "https://registry.npm.taobao.org/@vant/popperjs/download/@vant/popperjs-1.1.0.tgz?cache=0&sync_timestamp=1617714772966&other_urls=https%3A%2F%2Fregistry.npm.taobao.org%2F%40vant%2Fpopperjs%2Fdownload%2F%40vant%2Fpopperjs-1.1.0.tgz",
      "integrity": "sha1-tO3uW7+m+xhwWYbjE9T9XxeUKg8=",
      "requires": {
        "@popperjs/core": "^2.9.2"
      }
    },
    "@vant/weapp": {
      "version": "1.6.9",
      "resolved": "https://registry.nlark.com/@vant/weapp/download/@vant/weapp-1.6.9.tgz",
      "integrity": "sha1-9IQKYgffxRzUU025Ym9picfDVfQ="
    },
    "@vue/babel-helper-vue-jsx-merge-props": {
      "version": "1.2.1",
      "resolved": "https://registry.npm.taobao.org/@vue/babel-helper-vue-jsx-merge-props/download/@vue/babel-helper-vue-jsx-merge-props-1.2.1.tgz",
      "integrity": "sha1-MWJKelBfsU2h1YAjclpMXycOaoE="
    },
    "regenerator-runtime": {
      "version": "0.13.7",
      "resolved": "https://registry.npm.taobao.org/regenerator-runtime/download/regenerator-runtime-0.13.7.tgz",
      "integrity": "sha1-ysLazIoepnX+qrrriugziYrkb1U="
    },
    "vant": {
      "version": "2.12.22",
      "resolved": "https://registry.nlark.com/vant/download/vant-2.12.22.tgz?cache=0&sync_timestamp=1624366107534&other_urls=https%3A%2F%2Fregistry.nlark.com%2Fvant%2Fdownload%2Fvant-2.12.22.tgz",
      "integrity": "sha1-ZbhMivD1mY8xM99KNkxXJhUotQ0=",
      "requires": {
        "@babel/runtime": "7.x",
        "@vant/icons": "^1.5.3",
        "@vant/popperjs": "^1.0.0",
        "@vue/babel-helper-vue-jsx-merge-props": "^1.0.0",
        "vue-lazyload": "1.2.3"
      }
    },
    "vue-lazyload": {
      "version": "1.2.3",
      "resolved": "https://registry.npm.taobao.org/vue-lazyload/download/vue-lazyload-1.2.3.tgz",
      "integrity": "sha1-kB+ewVx+bKeHgaK65KNDaGve2yw="
    },
    "weui-miniprogram": {
      "version": "1.0.8",
      "resolved": "https://registry.npm.taobao.org/weui-miniprogram/download/weui-miniprogram-1.0.8.tgz",
      "integrity": "sha1-55F8R6XX6VGzBpTZOdCi5eAFsnQ="
    }
  }
}
